
Microsoft Visual Studio Solution File, Format Version 12.00
# Visual Studio Version 16
VisualStudioVersion = 16.0.29519.181
MinimumVisualStudioVersion = 10.0.40219.1
Project("{FAE04EC0-301F-11D3-BF4B-00C04F79EFBC}") = "chattapp", "chattapp\chattapp.csproj", "{208DBB37-0119-4E39-9895-CBA1F72D44A6}"
EndProject
Global
	GlobalSection(SolutionConfigurationPlatforms) = preSolution
		Debug|Any CPU = Debug|Any CPU
		Release|Any CPU = Release|Any CPU
	EndGlobalSection
	GlobalSection(ProjectConfigurationPlatforms) = postSolution
		{208DBB37-0119-4E39-9895-CBA1F72D44A6}.Debug|Any CPU.ActiveCfg = Debug|Any CPU
		{208DBB37-0119-4E39-9895-CBA1F72D44A6}.Debug|Any CPU.Build.0 = Debug|Any CPU
		{208DBB37-0119-4E39-9895-CBA1F72D44A6}.Release|Any CPU.ActiveCfg = Release|Any CPU
		{208DBB37-0119-4E39-9895-CBA1F72D44A6}.Release|Any CPU.Build.0 = Release|Any CPU
	EndGlobalSection
	GlobalSection(SolutionProperties) = preSolution
		HideSolutionNode = FALSE
	EndGlobalSection
	GlobalSection(ExtensibilityGlobals) = postSolution
		SolutionGuid = {905F1154-03FB-4E0D-A006-593A4A7FA013}
	EndGlobalSection
EndGlobal
